<?xml version="1.0"?>
<CONFIG>
  <ProjectOptions>
    <Version Value="7"/>
    <General>
      <MainUnit Value="0"/>
      <TargetFileExt Value=""/>
      <Title Value="Настройка подключения к VPN через PPTP"/>
      <Icon Value="0"/>
      <UseXPManifest Value="True"/>
      <ActiveEditorIndexAtStart Value="0"/>
    </General>
    <i18n>
      <EnableI18N Value="True"/>
      <OutDir Value="lang"/>
    </i18n>
    <VersionInfo>
      <UseVersionInfo Value="True"/>
      <AutoIncrementBuild Value="True"/>
      <CurrentMinorRevNr Value="4"/>
      <CurrentBuildNr Value="2710"/>
      <ProjectVersion Value="0.0.4"/>
      <Language Value="0419"/>
      <LegalCopyright Value="Edumandriva 2009"/>
    </VersionInfo>
    <PublishOptions>
      <Version Value="2"/>
      <IgnoreBinaries Value="False"/>
      <IncludeFileFilter Value="*.(pas|pp|inc|lfm|lpr|lrs|lpi|lpk|sh|xml)"/>
      <ExcludeFileFilter Value="*.(bak|ppu|ppw|o|so);*~;backup"/>
    </PublishOptions>
    <RunParams>
      <local>
        <FormatVersion Value="1"/>
        <LaunchingApplication PathPlusParams="/usr/X11R6/bin/xterm -T 'Lazarus Run Output' -e $(LazarusDir)/tools/runwait.sh $(TargetCmdLine)"/>
      </local>
    </RunParams>
    <RequiredPackages Count="1">
      <Item1>
        <PackageName Value="LCL"/>
      </Item1>
    </RequiredPackages>
    <Units Count="16">
      <Unit0>
        <Filename Value="project1.lpr"/>
        <IsPartOfProject Value="True"/>
        <UnitName Value="project1"/>
        <CursorPos X="1" Y="15"/>
        <TopLine Value="1"/>
        <UsageCount Value="200"/>
      </Unit0>
      <Unit1>
        <Filename Value="unit1.pas"/>
        <IsPartOfProject Value="True"/>
        <ComponentName Value="Form1"/>
        <ResourceBaseClass Value="Form"/>
        <UnitName Value="Unit1"/>
        <CursorPos X="52" Y="1773"/>
        <TopLine Value="1743"/>
        <EditorIndex Value="0"/>
        <UsageCount Value="200"/>
        <Loaded Value="True"/>
      </Unit1>
      <Unit2>
        <Filename Value="../../EduSetup/branch/0.0.2/unit1.pas"/>
        <ComponentName Value="Form1"/>
        <HasResources Value="True"/>
        <ResourceBaseClass Value="Form"/>
        <UnitName Value="Unit1"/>
        <CursorPos X="64" Y="17"/>
        <TopLine Value="1"/>
        <UsageCount Value="1"/>
      </Unit2>
      <Unit3>
        <Filename Value="../../EduSetup/branch/0.0.1/setup.pas"/>
        <ComponentName Value="Form1"/>
        <HasResources Value="True"/>
        <ResourceBaseClass Value="Form"/>
        <UnitName Value="Setup"/>
        <CursorPos X="17" Y="117"/>
        <TopLine Value="163"/>
        <UsageCount Value="2"/>
      </Unit3>
      <Unit4>
        <Filename Value="../../../usr/lib/lazarus/components/indy-10.2.0.3/lazarus/IdDNSResolver.pas"/>
        <UnitName Value="IdDNSResolver"/>
        <CursorPos X="42" Y="236"/>
        <TopLine Value="225"/>
        <UsageCount Value="1"/>
      </Unit4>
      <Unit5>
        <Filename Value="../Pon_off/unit1.pas"/>
        <ComponentName Value="Form1"/>
        <HasResources Value="True"/>
        <ResourceBaseClass Value="Form"/>
        <UnitName Value="Unit1"/>
        <CursorPos X="3" Y="125"/>
        <TopLine Value="112"/>
        <UsageCount Value="2"/>
      </Unit5>
      <Unit6>
        <Filename Value="../../../usr/lib/lazarus/lcl/textstrings.pas"/>
        <UnitName Value="TextStrings"/>
        <CursorPos X="1" Y="181"/>
        <TopLine Value="163"/>
        <UsageCount Value="52"/>
      </Unit6>
      <Unit7>
        <Filename Value="../../../usr/lib/lazarus/lcl/include/control.inc"/>
        <CursorPos X="1" Y="2228"/>
        <TopLine Value="2212"/>
        <UsageCount Value="23"/>
      </Unit7>
      <Unit8>
        <Filename Value="../../../usr/lib/lazarus/lcl/include/wincontrol.inc"/>
        <CursorPos X="1" Y="7036"/>
        <TopLine Value="7020"/>
        <UsageCount Value="16"/>
      </Unit8>
      <Unit9>
        <Filename Value="../../../usr/lib/lazarus/lcl/include/buttoncontrol.inc"/>
        <CursorPos X="1" Y="73"/>
        <TopLine Value="55"/>
        <UsageCount Value="20"/>
      </Unit9>
      <Unit10>
        <Filename Value="../../../usr/lib/lazarus/lcl/include/buttons.inc"/>
        <CursorPos X="1" Y="332"/>
        <TopLine Value="302"/>
        <UsageCount Value="20"/>
      </Unit10>
      <Unit11>
        <Filename Value="utranslator.pas"/>
        <UnitName Value="uTranslator"/>
        <CursorPos X="3" Y="63"/>
        <TopLine Value="1"/>
        <UsageCount Value="18"/>
      </Unit11>
      <Unit12>
        <Filename Value="project1.lrs"/>
        <CursorPos X="1" Y="1"/>
        <TopLine Value="1"/>
        <UsageCount Value="11"/>
      </Unit12>
      <Unit13>
        <Filename Value="../../../usr/lib/lazarus/lcl/translations.pas"/>
        <UnitName Value="Translations"/>
        <CursorPos X="1" Y="516"/>
        <TopLine Value="500"/>
        <UsageCount Value="15"/>
      </Unit13>
      <Unit14>
        <Filename Value="../../../usr/lib/lazarus/lcl/include/fileutil.inc"/>
        <CursorPos X="1" Y="83"/>
        <TopLine Value="64"/>
        <UsageCount Value="10"/>
      </Unit14>
      <Unit15>
        <Filename Value="../../../usr/lib/lazarus/lcl/include/customcheckbox.inc"/>
        <CursorPos X="1" Y="65"/>
        <TopLine Value="47"/>
        <UsageCount Value="10"/>
      </Unit15>
    </Units>
    <JumpHistory Count="29" HistoryIndex="28">
      <Position1>
        <Filename Value="unit1.pas"/>
        <Caret Line="1198" Column="3" TopLine="1167"/>
      </Position1>
      <Position2>
        <Filename Value="unit1.pas"/>
        <Caret Line="1239" Column="14" TopLine="1222"/>
      </Position2>
      <Position3>
        <Filename Value="unit1.pas"/>
        <Caret Line="1241" Column="22" TopLine="1222"/>
      </Position3>
      <Position4>
        <Filename Value="unit1.pas"/>
        <Caret Line="1245" Column="3" TopLine="1222"/>
      </Position4>
      <Position5>
        <Filename Value="unit1.pas"/>
        <Caret Line="1284" Column="3" TopLine="1267"/>
      </Position5>
      <Position6>
        <Filename Value="unit1.pas"/>
        <Caret Line="1285" Column="89" TopLine="1267"/>
      </Position6>
      <Position7>
        <Filename Value="unit1.pas"/>
        <Caret Line="1297" Column="42" TopLine="1267"/>
      </Position7>
      <Position8>
        <Filename Value="unit1.pas"/>
        <Caret Line="1307" Column="3" TopLine="1290"/>
      </Position8>
      <Position9>
        <Filename Value="unit1.pas"/>
        <Caret Line="1325" Column="3" TopLine="1308"/>
      </Position9>
      <Position10>
        <Filename Value="unit1.pas"/>
        <Caret Line="1338" Column="3" TopLine="1308"/>
      </Position10>
      <Position11>
        <Filename Value="unit1.pas"/>
        <Caret Line="1358" Column="121" TopLine="1341"/>
      </Position11>
      <Position12>
        <Filename Value="unit1.pas"/>
        <Caret Line="1413" Column="3" TopLine="1396"/>
      </Position12>
      <Position13>
        <Filename Value="unit1.pas"/>
        <Caret Line="1485" Column="31" TopLine="1468"/>
      </Position13>
      <Position14>
        <Filename Value="unit1.pas"/>
        <Caret Line="1511" Column="3" TopLine="1494"/>
      </Position14>
      <Position15>
        <Filename Value="unit1.pas"/>
        <Caret Line="1518" Column="60" TopLine="1494"/>
      </Position15>
      <Position16>
        <Filename Value="unit1.pas"/>
        <Caret Line="1527" Column="105" TopLine="1494"/>
      </Position16>
      <Position17>
        <Filename Value="unit1.pas"/>
        <Caret Line="1534" Column="3" TopLine="1517"/>
      </Position17>
      <Position18>
        <Filename Value="unit1.pas"/>
        <Caret Line="1548" Column="22" TopLine="1517"/>
      </Position18>
      <Position19>
        <Filename Value="unit1.pas"/>
        <Caret Line="1549" Column="3" TopLine="1517"/>
      </Position19>
      <Position20>
        <Filename Value="unit1.pas"/>
        <Caret Line="1551" Column="18" TopLine="1534"/>
      </Position20>
      <Position21>
        <Filename Value="unit1.pas"/>
        <Caret Line="1565" Column="5" TopLine="1534"/>
      </Position21>
      <Position22>
        <Filename Value="unit1.pas"/>
        <Caret Line="1575" Column="5" TopLine="1558"/>
      </Position22>
      <Position23>
        <Filename Value="unit1.pas"/>
        <Caret Line="1581" Column="11" TopLine="1558"/>
      </Position23>
      <Position24>
        <Filename Value="unit1.pas"/>
        <Caret Line="1582" Column="11" TopLine="1558"/>
      </Position24>
      <Position25>
        <Filename Value="unit1.pas"/>
        <Caret Line="1608" Column="68" TopLine="1591"/>
      </Position25>
      <Position26>
        <Filename Value="unit1.pas"/>
        <Caret Line="1622" Column="100" TopLine="1591"/>
      </Position26>
      <Position27>
        <Filename Value="unit1.pas"/>
        <Caret Line="1632" Column="23" TopLine="1615"/>
      </Position27>
      <Position28>
        <Filename Value="unit1.pas"/>
        <Caret Line="1728" Column="3" TopLine="1711"/>
      </Position28>
      <Position29>
        <Filename Value="unit1.pas"/>
        <Caret Line="1755" Column="27" TopLine="1738"/>
      </Position29>
    </JumpHistory>
  </ProjectOptions>
  <CompilerOptions>
    <Version Value="8"/>
    <Target>
      <Filename Value="vpnpptp"/>
    </Target>
    <SearchPaths>
      <IncludeFiles Value="$(ProjOutDir)/"/>
    </SearchPaths>
    <Linking>
      <Options>
        <Win32>
          <GraphicApplication Value="True"/>
        </Win32>
      </Options>
    </Linking>
    <Other>
      <CompilerPath Value="$(CompPath)"/>
    </Other>
  </CompilerOptions>
  <Debugging>
    <Watches Count="4">
      <Item1>
        <Expression Value="IP"/>
      </Item1>
      <Item2>
        <Expression Value="Str"/>
      </Item2>
      <Item3>
        <Expression Value="i"/>
      </Item3>
      <Item4>
        <Expression Value="Memo_bindutilshost.Lines[i]"/>
      </Item4>
    </Watches>
    <Exceptions Count="3">
      <Item1>
        <Name Value="EAbort"/>
      </Item1>
      <Item2>
        <Name Value="ECodetoolError"/>
      </Item2>
      <Item3>
        <Name Value="EFOpenError"/>
      </Item3>
    </Exceptions>
  </Debugging>
</CONFIG>
