<?xml version="1.0"?>
<CONFIG>
  <ProjectOptions>
    <Version Value="7"/>
    <General>
      <MainUnit Value="0"/>
      <TargetFileExt Value=""/>
      <Title Value="Настройка подключения к VPN через PPTP/L2TP"/>
      <Icon Value="0"/>
      <UseXPManifest Value="True"/>
      <ActiveEditorIndexAtStart Value="0"/>
    </General>
    <i18n>
      <EnableI18N Value="True"/>
      <OutDir Value="lang"/>
    </i18n>
    <VersionInfo>
      <AutoIncrementBuild Value="True"/>
      <CurrentBuildNr Value="340"/>
      <Language Value="0419"/>
    </VersionInfo>
    <PublishOptions>
      <Version Value="2"/>
      <IgnoreBinaries Value="False"/>
      <IncludeFileFilter Value="*.(pas|pp|inc|lfm|lpr|lrs|lpi|lpk|sh|xml)"/>
      <ExcludeFileFilter Value="*.(bak|ppu|ppw|o|so);*~;backup"/>
    </PublishOptions>
    <RunParams>
      <local>
        <FormatVersion Value="1"/>
        <LaunchingApplication PathPlusParams="/usr/X11R6/bin/xterm -T 'Lazarus Run Output' -e $(LazarusDir)/tools/runwait.sh $(TargetCmdLine)"/>
      </local>
    </RunParams>
    <RequiredPackages Count="2">
      <Item1>
        <PackageName Value="SynEdit"/>
        <MinVersion Major="1" Valid="True"/>
      </Item1>
      <Item2>
        <PackageName Value="LCL"/>
      </Item2>
    </RequiredPackages>
    <Units Count="23">
      <Unit0>
        <Filename Value="project1.pas"/>
        <IsPartOfProject Value="True"/>
        <UnitName Value="project1"/>
        <CursorPos X="7" Y="8"/>
        <TopLine Value="1"/>
        <EditorIndex Value="2"/>
        <UsageCount Value="200"/>
        <Loaded Value="True"/>
      </Unit0>
      <Unit1>
        <Filename Value="unit1.pas"/>
        <IsPartOfProject Value="True"/>
        <ComponentName Value="Form1"/>
        <ResourceBaseClass Value="Form"/>
        <UnitName Value="Unit1"/>
        <CursorPos X="1" Y="2535"/>
        <TopLine Value="2505"/>
        <EditorIndex Value="0"/>
        <UsageCount Value="200"/>
        <Loaded Value="True"/>
      </Unit1>
      <Unit2>
        <Filename Value="../../EduSetup/branch/0.0.2/unit1.pas"/>
        <ComponentName Value="Form1"/>
        <HasResources Value="True"/>
        <ResourceBaseClass Value="Form"/>
        <UnitName Value="Unit1"/>
        <CursorPos X="64" Y="17"/>
        <TopLine Value="1"/>
        <UsageCount Value="5"/>
      </Unit2>
      <Unit3>
        <Filename Value="../../EduSetup/branch/0.0.1/setup.pas"/>
        <ComponentName Value="Form1"/>
        <HasResources Value="True"/>
        <ResourceBaseClass Value="Form"/>
        <UnitName Value="Setup"/>
        <CursorPos X="17" Y="117"/>
        <TopLine Value="163"/>
        <UsageCount Value="6"/>
      </Unit3>
      <Unit4>
        <Filename Value="../../usr/lib/lazarus/components/indy-10.2.0.3/lazarus/IdDNSResolver.pas"/>
        <UnitName Value="IdDNSResolver"/>
        <CursorPos X="42" Y="236"/>
        <TopLine Value="225"/>
        <UsageCount Value="5"/>
      </Unit4>
      <Unit5>
        <Filename Value="../Pon_off/unit1.pas"/>
        <ComponentName Value="Form1"/>
        <HasResources Value="True"/>
        <ResourceBaseClass Value="Form"/>
        <UnitName Value="Unit1"/>
        <CursorPos X="3" Y="125"/>
        <TopLine Value="112"/>
        <UsageCount Value="6"/>
      </Unit5>
      <Unit6>
        <Filename Value="../../usr/lib/lazarus/lcl/textstrings.pas"/>
        <UnitName Value="TextStrings"/>
        <CursorPos X="1" Y="223"/>
        <TopLine Value="206"/>
        <UsageCount Value="46"/>
      </Unit6>
      <Unit7>
        <Filename Value="../../usr/lib/lazarus/lcl/include/control.inc"/>
        <CursorPos X="1" Y="2228"/>
        <TopLine Value="2213"/>
        <UsageCount Value="17"/>
      </Unit7>
      <Unit8>
        <Filename Value="../../usr/lib/lazarus/lcl/include/wincontrol.inc"/>
        <CursorPos X="1" Y="4921"/>
        <TopLine Value="4904"/>
        <UsageCount Value="10"/>
      </Unit8>
      <Unit9>
        <Filename Value="../../usr/lib/lazarus/lcl/include/buttoncontrol.inc"/>
        <CursorPos X="1" Y="27"/>
        <TopLine Value="10"/>
        <UsageCount Value="14"/>
      </Unit9>
      <Unit10>
        <Filename Value="../../usr/lib/lazarus/lcl/include/buttons.inc"/>
        <CursorPos X="1" Y="332"/>
        <TopLine Value="302"/>
        <UsageCount Value="14"/>
      </Unit10>
      <Unit11>
        <Filename Value="utranslator.pas"/>
        <UnitName Value="uTranslator"/>
        <CursorPos X="3" Y="63"/>
        <TopLine Value="1"/>
        <UsageCount Value="12"/>
      </Unit11>
      <Unit12>
        <Filename Value="project1.lrs"/>
        <CursorPos X="1" Y="1"/>
        <TopLine Value="1"/>
        <UsageCount Value="10"/>
      </Unit12>
      <Unit13>
        <Filename Value="../../usr/lib/lazarus/lcl/translations.pas"/>
        <UnitName Value="Translations"/>
        <CursorPos X="1" Y="516"/>
        <TopLine Value="1"/>
        <UsageCount Value="9"/>
      </Unit13>
      <Unit14>
        <Filename Value="../../usr/lib/lazarus/lcl/include/fileutil.inc"/>
        <CursorPos X="1" Y="83"/>
        <TopLine Value="64"/>
        <UsageCount Value="4"/>
      </Unit14>
      <Unit15>
        <Filename Value="../../usr/lib/lazarus/lcl/include/customcheckbox.inc"/>
        <CursorPos X="1" Y="65"/>
        <TopLine Value="47"/>
        <UsageCount Value="4"/>
      </Unit15>
      <Unit16>
        <Filename Value="unit2.pas"/>
        <IsPartOfProject Value="True"/>
        <ComponentName Value="Form2"/>
        <ResourceBaseClass Value="Form"/>
        <UnitName Value="Unit2"/>
        <CursorPos X="1" Y="77"/>
        <TopLine Value="41"/>
        <EditorIndex Value="3"/>
        <UsageCount Value="200"/>
        <Loaded Value="True"/>
      </Unit16>
      <Unit17>
        <Filename Value="../../usr/lib/lazarus/lcl/include/customform.inc"/>
        <CursorPos X="1" Y="1682"/>
        <TopLine Value="1665"/>
        <UsageCount Value="4"/>
      </Unit17>
      <Unit18>
        <Filename Value="../../usr/lib/lazarus/lcl/lclmessageglue.pas"/>
        <UnitName Value="LCLMessageGlue"/>
        <CursorPos X="1" Y="121"/>
        <TopLine Value="104"/>
        <UsageCount Value="5"/>
      </Unit18>
      <Unit19>
        <Filename Value="../../usr/lib/lazarus/lcl/interfaces/gtk2/gtk2wsstdctrls.pp"/>
        <UnitName Value="Gtk2WSStdCtrls"/>
        <CursorPos X="1" Y="1854"/>
        <TopLine Value="1837"/>
        <UsageCount Value="5"/>
      </Unit19>
      <Unit20>
        <Filename Value="../../usr/lib/lazarus/lcl/include/customedit.inc"/>
        <CursorPos X="1" Y="478"/>
        <TopLine Value="460"/>
        <UsageCount Value="11"/>
      </Unit20>
      <Unit21>
        <Filename Value="../modules/unitmymessagebox.pas"/>
        <IsPartOfProject Value="True"/>
        <ComponentName Value="Form3"/>
        <HasResources Value="True"/>
        <ResourceBaseClass Value="Form"/>
        <UnitName Value="UnitMyMessageBox"/>
        <CursorPos X="52" Y="21"/>
        <TopLine Value="1"/>
        <EditorIndex Value="1"/>
        <UsageCount Value="64"/>
        <Loaded Value="True"/>
      </Unit21>
      <Unit22>
        <Filename Value="../../usr/lib/lazarus/lcl/include/application.inc"/>
        <CursorPos X="1" Y="1993"/>
        <TopLine Value="1975"/>
        <UsageCount Value="9"/>
      </Unit22>
    </Units>
    <JumpHistory Count="30" HistoryIndex="29">
      <Position1>
        <Filename Value="unit1.pas"/>
        <Caret Line="1997" Column="10" TopLine="1953"/>
      </Position1>
      <Position2>
        <Filename Value="unit1.pas"/>
        <Caret Line="2018" Column="10" TopLine="1993"/>
      </Position2>
      <Position3>
        <Filename Value="unit1.pas"/>
        <Caret Line="2216" Column="10" TopLine="2191"/>
      </Position3>
      <Position4>
        <Filename Value="unit1.pas"/>
        <Caret Line="2527" Column="10" TopLine="2502"/>
      </Position4>
      <Position5>
        <Filename Value="unit1.pas"/>
        <Caret Line="2945" Column="10" TopLine="2920"/>
      </Position5>
      <Position6>
        <Filename Value="unit1.pas"/>
        <Caret Line="2964" Column="10" TopLine="2920"/>
      </Position6>
      <Position7>
        <Filename Value="unit1.pas"/>
        <Caret Line="2979" Column="10" TopLine="2954"/>
      </Position7>
      <Position8>
        <Filename Value="unit1.pas"/>
        <Caret Line="178" Column="1" TopLine="153"/>
      </Position8>
      <Position9>
        <Filename Value="unit1.pas"/>
        <Caret Line="179" Column="1" TopLine="154"/>
      </Position9>
      <Position10>
        <Filename Value="unit1.pas"/>
        <Caret Line="2523" Column="81" TopLine="2511"/>
      </Position10>
      <Position11>
        <Filename Value="unit1.pas"/>
        <Caret Line="1" Column="1" TopLine="1"/>
      </Position11>
      <Position12>
        <Filename Value="unit1.pas"/>
        <Caret Line="249" Column="107" TopLine="224"/>
      </Position12>
      <Position13>
        <Filename Value="unit1.pas"/>
        <Caret Line="252" Column="118" TopLine="224"/>
      </Position13>
      <Position14>
        <Filename Value="unit1.pas"/>
        <Caret Line="287" Column="95" TopLine="262"/>
      </Position14>
      <Position15>
        <Filename Value="unit1.pas"/>
        <Caret Line="288" Column="71" TopLine="262"/>
      </Position15>
      <Position16>
        <Filename Value="unit1.pas"/>
        <Caret Line="289" Column="71" TopLine="262"/>
      </Position16>
      <Position17>
        <Filename Value="unit1.pas"/>
        <Caret Line="290" Column="114" TopLine="262"/>
      </Position17>
      <Position18>
        <Filename Value="unit1.pas"/>
        <Caret Line="291" Column="158" TopLine="262"/>
      </Position18>
      <Position19>
        <Filename Value="unit1.pas"/>
        <Caret Line="321" Column="57" TopLine="296"/>
      </Position19>
      <Position20>
        <Filename Value="unit1.pas"/>
        <Caret Line="326" Column="71" TopLine="296"/>
      </Position20>
      <Position21>
        <Filename Value="unit1.pas"/>
        <Caret Line="1498" Column="114" TopLine="1473"/>
      </Position21>
      <Position22>
        <Filename Value="unit1.pas"/>
        <Caret Line="1633" Column="100" TopLine="1615"/>
      </Position22>
      <Position23>
        <Filename Value="unit1.pas"/>
        <Caret Line="1498" Column="104" TopLine="1473"/>
      </Position23>
      <Position24>
        <Filename Value="unit1.pas"/>
        <Caret Line="326" Column="61" TopLine="301"/>
      </Position24>
      <Position25>
        <Filename Value="unit1.pas"/>
        <Caret Line="1498" Column="114" TopLine="1473"/>
      </Position25>
      <Position26>
        <Filename Value="unit1.pas"/>
        <Caret Line="1602" Column="95" TopLine="1586"/>
      </Position26>
      <Position27>
        <Filename Value="unit1.pas"/>
        <Caret Line="1" Column="1" TopLine="1"/>
      </Position27>
      <Position28>
        <Filename Value="unit1.pas"/>
        <Caret Line="223" Column="61" TopLine="198"/>
      </Position28>
      <Position29>
        <Filename Value="unit1.pas"/>
        <Caret Line="368" Column="39" TopLine="343"/>
      </Position29>
      <Position30>
        <Filename Value="unit1.pas"/>
        <Caret Line="369" Column="237" TopLine="343"/>
      </Position30>
    </JumpHistory>
  </ProjectOptions>
  <CompilerOptions>
    <Version Value="8"/>
    <Target>
      <Filename Value="vpnpptp"/>
    </Target>
    <SearchPaths>
      <IncludeFiles Value="$(ProjOutDir)/"/>
      <OtherUnitFiles Value="../modules/"/>
    </SearchPaths>
    <Linking>
      <Options>
        <Win32>
          <GraphicApplication Value="True"/>
        </Win32>
      </Options>
    </Linking>
    <Other>
      <CompilerPath Value="$(CompPath)"/>
    </Other>
  </CompilerOptions>
  <Debugging>
    <Watches Count="1">
      <Item1>
        <Expression Value="ubuntu"/>
      </Item1>
    </Watches>
    <Exceptions Count="5">
      <Item1>
        <Name Value="EAbort"/>
      </Item1>
      <Item2>
        <Name Value="ECodetoolError"/>
      </Item2>
      <Item3>
        <Name Value="EFOpenError"/>
      </Item3>
      <Item4>
        <Name Value="EConvertError"/>
      </Item4>
      <Item5>
        <Name Value="EStringListError"/>
      </Item5>
    </Exceptions>
  </Debugging>
</CONFIG>
